PODS:
  - Crashlytics (3.12.0):
    - Fabric (~> 1.9.0)
  - Fabric (1.9.0)
  - Segmentio (3.2)

DEPENDENCIES:
  - Crashlytics
  - Fabric
  - Segmentio (~> 3.0)

SPEC REPOS:
  https://github.com/cocoapods/specs.git:
    - Crashlytics
    - Fabric
    - Segmentio

SPEC CHECKSUMS:
  Crashlytics: 07fb167b1694128c1c9a5a5cc319b0e9c3ca0933
  Fabric: f988e33c97f08930a413e08123064d2e5f68d655
  Segmentio: 4e63f9f7c22a58fba9e589e50f8803fd0a1b18c3

PODFILE CHECKSUM: b29cc4349c838a84e039a9678f5c1fef1f5fa6a3

COCOAPODS: 1.5.3
